
Microsoft Visual Studio Solution File, Format Version 12.00
# Visual Studio 15
VisualStudioVersion = 15.0.28307.902
MinimumVisualStudioVersion = 10.0.40219.1
Project("{FAE04EC0-301F-11D3-BF4B-00C04F79EFBC}") = "ListaComprasWCF", "ListaComprasWCF\ListaComprasWCF.csproj", "{2473420F-B577-4151-973E-1D50ADC83288}"
EndProject
Project("{FAE04EC0-301F-11D3-BF4B-00C04F79EFBC}") = "Hosting", "Hosting\Hosting.csproj", "{6181514D-E51A-4989-9834-BEBD06322D0B}"
EndProject
Global
	GlobalSection(SolutionConfigurationPlatforms) = preSolution
		Debug|Any CPU = Debug|Any CPU
		Release|Any CPU = Release|Any CPU
	EndGlobalSection
	GlobalSection(ProjectConfigurationPlatforms) = postSolution
		{2473420F-B577-4151-973E-1D50ADC83288}.Debug|Any CPU.ActiveCfg = Debug|Any CPU
		{2473420F-B577-4151-973E-1D50ADC83288}.Debug|Any CPU.Build.0 = Debug|Any CPU
		{2473420F-B577-4151-973E-1D50ADC83288}.Release|Any CPU.ActiveCfg = Release|Any CPU
		{2473420F-B577-4151-973E-1D50ADC83288}.Release|Any CPU.Build.0 = Release|Any CPU
		{6181514D-E51A-4989-9834-BEBD06322D0B}.Debug|Any CPU.ActiveCfg = Debug|Any CPU
		{6181514D-E51A-4989-9834-BEBD06322D0B}.Debug|Any CPU.Build.0 = Debug|Any CPU
		{6181514D-E51A-4989-9834-BEBD06322D0B}.Release|Any CPU.ActiveCfg = Release|Any CPU
		{6181514D-E51A-4989-9834-BEBD06322D0B}.Release|Any CPU.Build.0 = Release|Any CPU
	EndGlobalSection
	GlobalSection(SolutionProperties) = preSolution
		HideSolutionNode = FALSE
	EndGlobalSection
	GlobalSection(ExtensibilityGlobals) = postSolution
		SolutionGuid = {D7A6637A-C1E0-4F5F-AF20-C1F02E6B956F}
	EndGlobalSection
EndGlobal
